{
  "version": 4,
  "terraform_version": "1.5.7",
  "serial": 5,
  "lineage": "140e816e-9ee4-85c5-35f7-dec31f9ff4dd",
  "outputs": {},
  "resources": [
    {
      "mode": "data",
      "type": "aws_iam_openid_connect_provider",
      "name": "github_actions",
      "provider": "provider[\"registry.terraform.io/hashicorp/aws\"]",
      "instances": [
        {
          "schema_version": 0,
          "attributes": {
            "arn": "arn:aws:iam::223131393841:oidc-provider/token.actions.githubusercontent.com",
            "client_id_list": [
              "sts.amazonaws.com"
            ],
            "id": "arn:aws:iam::223131393841:oidc-provider/token.actions.githubusercontent.com",
            "tags": {
              "app": "fastflow",
              "purpose": "cd"
            },
            "thumbprint_list": [
              "d89e3bd43d5d909b47a18977aa9d5ce36cee184c"
            ],
            "url": "token.actions.githubusercontent.com"
          },
          "sensitive_attributes": []
        }
      ]
    },
    {
      "mode": "managed",
      "type": "aws_iam_policy",
      "name": "terraform_operations",
      "provider": "provider[\"registry.terraform.io/hashicorp/aws\"]",
      "instances": [
        {
          "schema_version": 0,
          "attributes": {
            "arn": "arn:aws:iam::223131393841:policy/TerraformOperationsPolicy",
            "attachment_count": 0,
            "description": "Policy for GitHub Actions to manage AWS resources via Terraform",
            "id": "arn:aws:iam::223131393841:policy/TerraformOperationsPolicy",
            "name": "TerraformOperationsPolicy",
            "name_prefix": "",
            "path": "/",
            "policy": "{\"Statement\":[{\"Action\":[\"ec2:*\",\"ecs:*\",\"elasticloadbalancing:*\",\"iam:CreateRole\",\"iam:DeleteRole\",\"iam:GetRole\",\"iam:ListRoles\",\"iam:TagRole\",\"iam:UntagRole\",\"iam:UpdateRole\",\"iam:AttachRolePolicy\",\"iam:DetachRolePolicy\",\"iam:ListAttachedRolePolicies\",\"iam:CreatePolicy\",\"iam:DeletePolicy\",\"iam:GetPolicy\",\"iam:ListPolicies\",\"iam:CreatePolicyVersion\",\"iam:DeletePolicyVersion\",\"iam:GetPolicyVersion\",\"iam:ListPolicyVersions\",\"iam:SetDefaultPolicyVersion\",\"iam:PutRolePolicy\",\"iam:GetRolePolicy\",\"iam:DeleteRolePolicy\",\"iam:ListRolePolicies\",\"iam:PassRole\",\"rds:*\",\"elasticfilesystem:*\",\"logs:*\",\"s3:GetObject\",\"s3:PutObject\",\"s3:DeleteObject\",\"s3:ListBucket\",\"route53:*\"],\"Effect\":\"Allow\",\"Resource\":\"*\"}],\"Version\":\"2012-10-17\"}",
            "policy_id": "ANPATH45K34YSSQ6MHPL2",
            "tags": {},
            "tags_all": {}
          },
          "sensitive_attributes": [],
          "private": "bnVsbA=="
        }
      ]
    },
    {
      "mode": "managed",
      "type": "aws_iam_role_policy_attachment",
      "name": "github_actions_terraform_policy",
      "provider": "provider[\"registry.terraform.io/hashicorp/aws\"]",
      "instances": []
    }
  ],
  "check_results": null
}
